
Microsoft Visual Studio Solution File, Format Version 12.00
# Visual Studio Version 16
VisualStudioVersion = 16.0.30803.129
MinimumVisualStudioVersion = 10.0.40219.1
Project("{9A19103F-16F7-4668-BE54-9A1E7A4F7556}") = "AdvServiceBus.DeadLetter", "AdvServiceBus.DeadLetter\AdvServiceBus.DeadLetter.csproj", "{02E3FC63-BDE4-4553-82B3-C18351119406}"
EndProject
Project("{9A19103F-16F7-4668-BE54-9A1E7A4F7556}") = "AdvServiceBus.DeferMessageDemo", "AdvServiceBus.DeferMessageDemo\AdvServiceBus.DeferMessageDemo.csproj", "{B34661FB-2F24-4EAC-83D0-467028D847A4}"
EndProject
Project("{9A19103F-16F7-4668-BE54-9A1E7A4F7556}") = "AdvServiceBus.QueueScheduledDeliveryDemo", "AdvServiceBus.QueueDeferralDemo\AdvServiceBus.QueueScheduledDeliveryDemo.csproj", "{2B43553B-D9A6-485D-9B47-A96D0A894F1E}"
EndProject
Project("{9A19103F-16F7-4668-BE54-9A1E7A4F7556}") = "AdvServiceBus.QueueSessionDemo", "AdvServiceBus.QueueSessionDemo\AdvServiceBus.QueueSessionDemo.csproj", "{7293ED26-3AEA-4F2B-87B4-7B9D0D767E1D}"
EndProject
Project("{9A19103F-16F7-4668-BE54-9A1E7A4F7556}") = "AdvServiceBus.ServiceBusManagement", "AdvServiceBus.ServiceBusManagement\AdvServiceBus.ServiceBusManagement.csproj", "{EE137E8A-CF3F-48CE-BC12-EF2289C01F53}"
EndProject
Project("{9A19103F-16F7-4668-BE54-9A1E7A4F7556}") = "AdvServiceBus.Performance", "AdvServiceBus.Performance\AdvServiceBus.Performance.csproj", "{36784032-05FD-4BB2-A63F-C51A337CAC70}"
EndProject
Global
	GlobalSection(SolutionConfigurationPlatforms) = preSolution
		Debug|Any CPU = Debug|Any CPU
		Release|Any CPU = Release|Any CPU
	EndGlobalSection
	GlobalSection(ProjectConfigurationPlatforms) = postSolution
		{02E3FC63-BDE4-4553-82B3-C18351119406}.Debug|Any CPU.ActiveCfg = Debug|Any CPU
		{02E3FC63-BDE4-4553-82B3-C18351119406}.Debug|Any CPU.Build.0 = Debug|Any CPU
		{02E3FC63-BDE4-4553-82B3-C18351119406}.Release|Any CPU.ActiveCfg = Release|Any CPU
		{02E3FC63-BDE4-4553-82B3-C18351119406}.Release|Any CPU.Build.0 = Release|Any CPU
		{B34661FB-2F24-4EAC-83D0-467028D847A4}.Debug|Any CPU.ActiveCfg = Debug|Any CPU
		{B34661FB-2F24-4EAC-83D0-467028D847A4}.Debug|Any CPU.Build.0 = Debug|Any CPU
		{B34661FB-2F24-4EAC-83D0-467028D847A4}.Release|Any CPU.ActiveCfg = Release|Any CPU
		{B34661FB-2F24-4EAC-83D0-467028D847A4}.Release|Any CPU.Build.0 = Release|Any CPU
		{2B43553B-D9A6-485D-9B47-A96D0A894F1E}.Debug|Any CPU.ActiveCfg = Debug|Any CPU
		{2B43553B-D9A6-485D-9B47-A96D0A894F1E}.Debug|Any CPU.Build.0 = Debug|Any CPU
		{2B43553B-D9A6-485D-9B47-A96D0A894F1E}.Release|Any CPU.ActiveCfg = Release|Any CPU
		{2B43553B-D9A6-485D-9B47-A96D0A894F1E}.Release|Any CPU.Build.0 = Release|Any CPU
		{7293ED26-3AEA-4F2B-87B4-7B9D0D767E1D}.Debug|Any CPU.ActiveCfg = Debug|Any CPU
		{7293ED26-3AEA-4F2B-87B4-7B9D0D767E1D}.Debug|Any CPU.Build.0 = Debug|Any CPU
		{7293ED26-3AEA-4F2B-87B4-7B9D0D767E1D}.Release|Any CPU.ActiveCfg = Release|Any CPU
		{7293ED26-3AEA-4F2B-87B4-7B9D0D767E1D}.Release|Any CPU.Build.0 = Release|Any CPU
		{EE137E8A-CF3F-48CE-BC12-EF2289C01F53}.Debug|Any CPU.ActiveCfg = Debug|Any CPU
		{EE137E8A-CF3F-48CE-BC12-EF2289C01F53}.Debug|Any CPU.Build.0 = Debug|Any CPU
		{EE137E8A-CF3F-48CE-BC12-EF2289C01F53}.Release|Any CPU.ActiveCfg = Release|Any CPU
		{EE137E8A-CF3F-48CE-BC12-EF2289C01F53}.Release|Any CPU.Build.0 = Release|Any CPU
		{36784032-05FD-4BB2-A63F-C51A337CAC70}.Debug|Any CPU.ActiveCfg = Debug|Any CPU
		{36784032-05FD-4BB2-A63F-C51A337CAC70}.Debug|Any CPU.Build.0 = Debug|Any CPU
		{36784032-05FD-4BB2-A63F-C51A337CAC70}.Release|Any CPU.ActiveCfg = Release|Any CPU
		{36784032-05FD-4BB2-A63F-C51A337CAC70}.Release|Any CPU.Build.0 = Release|Any CPU
	EndGlobalSection
	GlobalSection(SolutionProperties) = preSolution
		HideSolutionNode = FALSE
	EndGlobalSection
	GlobalSection(ExtensibilityGlobals) = postSolution
		SolutionGuid = {F2420E19-81B6-43D0-A8DD-FF8E3A9BB8C9}
	EndGlobalSection
EndGlobal
